
Microsoft Visual Studio Solution File, Format Version 12.00
# Visual Studio Version 16
VisualStudioVersion = 16.0.31313.79
MinimumVisualStudioVersion = 10.0.40219.1
Project("{FAE04EC0-301F-11D3-BF4B-00C04F79EFBC}") = "ProjectH", "ProjectH\ProjectH.csproj", "{6C979CF0-C61B-449F-A85F-1A3539E92969}"
EndProject
Global
	GlobalSection(SolutionConfigurationPlatforms) = preSolution
		Debug|Any CPU = Debug|Any CPU
		Release|Any CPU = Release|Any CPU
	EndGlobalSection
	GlobalSection(ProjectConfigurationPlatforms) = postSolution
		{6C979CF0-C61B-449F-A85F-1A3539E92969}.Debug|Any CPU.ActiveCfg = Debug|Any CPU
		{6C979CF0-C61B-449F-A85F-1A3539E92969}.Debug|Any CPU.Build.0 = Debug|Any CPU
		{6C979CF0-C61B-449F-A85F-1A3539E92969}.Release|Any CPU.ActiveCfg = Release|Any CPU
		{6C979CF0-C61B-449F-A85F-1A3539E92969}.Release|Any CPU.Build.0 = Release|Any CPU
	EndGlobalSection
	GlobalSection(SolutionProperties) = preSolution
		HideSolutionNode = FALSE
	EndGlobalSection
	GlobalSection(ExtensibilityGlobals) = postSolution
		SolutionGuid = {6AD3AC85-88F5-4C86-BCE4-278300A2BD2C}
	EndGlobalSection
EndGlobal
